// !$*UTF8*$!
{
	archiveVersion = 1;
	classes = {
	};
	objectVersion = 48;
	objects = {

/* Begin PBXBuildFile section */
		38216BA674B72F2200EEC2DC /* Pods_Job_Seeker.framework in Frameworks */ = {isa = PBXBuildFile; fileRef = AFF43C5A6DAC04699BA785D7 /* Pods_Job_Seeker.framework */; };
		7DD0A3B6202043FC006084F4 /* AppDelegate.swift in Sources */ = {isa = PBXBuildFile; fileRef = 7DD0A3B5202043FC006084F4 /* AppDelegate.swift */; };
		7DD0A3B8202043FC006084F4 /* ViewController.swift in Sources */ = {isa = PBXBuildFile; fileRef = 7DD0A3B7202043FC006084F4 /* ViewController.swift */; };
		7DD0A3BB202043FC006084F4 /* Main.storyboard in Resources */ = {isa = PBXBuildFile; fileRef = 7DD0A3B9202043FC006084F4 /* Main.storyboard */; };
		7DD0A3BD202043FC006084F4 /* Assets.xcassets in Resources */ = {isa = PBXBuildFile; fileRef = 7DD0A3BC202043FC006084F4 /* Assets.xcassets */; };
		7DD0A3C0202043FC006084F4 /* LaunchScreen.storyboard in Resources */ = {isa = PBXBuildFile; fileRef = 7DD0A3BE202043FC006084F4 /* LaunchScreen.storyboard */; };
/* End PBXBuildFile section */

/* Begin PBXFileReference section */
		42F2B9F856E33877F2BC8040 /* Pods-Job_Seeker.release.xcconfig */ = {isa = PBXFileReference; includeInIndex = 1; lastKnownFileType = text.xcconfig; name = "Pods-Job_Seeker.release.xcconfig"; path = "Pods/Target Support Files/Pods-Job_Seeker/Pods-Job_Seeker.release.xcconfig"; sourceTree = "<group>"; };
		7DD0A3B2202043FC006084F4 /* Job_Seeker.app */ = {isa = PBXFileReference; explicitFileType = wrapper.application; includeInIndex = 0; path = Job_Seeker.app; sourceTree = BUILT_PRODUCTS_DIR; };
		7DD0A3B5202043FC006084F4 /* AppDelegate.swift */ = {isa = PBXFileReference; lastKnownFileType = sourcecode.swift; path = AppDelegate.swift; sourceTree = "<group>"; };
		7DD0A3B7202043FC006084F4 /* ViewController.swift */ = {isa = PBXFileReference; lastKnownFileType = sourcecode.swift; path = ViewController.swift; sourceTree = "<group>"; };
		7DD0A3BA202043FC006084F4 /* Base */ = {isa = PBXFileReference; lastKnownFileType = file.storyboard; name = Base; path = Base.lproj/Main.storyboard; sourceTree = "<group>"; };
		7DD0A3BC202043FC006084F4 /* Assets.xcassets */ = {isa = PBXFileReference; lastKnownFileType = folder.assetcatalog; path = Assets.xcassets; sourceTree = "<group>"; };
		7DD0A3BF202043FC006084F4 /* Base */ = {isa = PBXFileReference; lastKnownFileType = file.storyboard; name = Base; path = Base.lproj/LaunchScreen.storyboard; sourceTree = "<group>"; };
		7DD0A3C1202043FC006084F4 /* Info.plist */ = {isa = PBXFileReference; lastKnownFileType = text.plist.xml; path = Info.plist; sourceTree = "<group>"; };
		96A3DC413A9478F0359DF95D /* Pods-Job_Seeker.debug.xcconfig */ = {isa = PBXFileReference; includeInIndex = 1; lastKnownFileType = text.xcconfig; name = "Pods-Job_Seeker.debug.xcconfig"; path = "Pods/Target Support Files/Pods-Job_Seeker/Pods-Job_Seeker.debug.xcconfig"; sourceTree = "<group>"; };
		AFF43C5A6DAC04699BA785D7 /* Pods_Job_Seeker.framework */ = {isa = PBXFileReference; explicitFileType = wrapper.framework; includeInIndex = 0; path = Pods_Job_Seeker.framework; sourceTree = BUILT_PRODUCTS_DIR; };
/* End PBXFileReference section */

/* Begin PBXFrameworksBuildPhase section */
		7DD0A3AF202043FC006084F4 /* Frameworks */ = {
			isa = PBXFrameworksBuildPhase;
			buildActionMask = 2147483647;
			files = (
				38216BA674B72F2200EEC2DC /* Pods_Job_Seeker.framework in Frameworks */,
			);
			runOnlyForDeploymentPostprocessing = 0;
		};
/* End PBXFrameworksBuildPhase section */

/* Begin PBXGroup section */
		7DD0A3A9202043FC006084F4 = {
			isa = PBXGroup;
			children = (
				7DD0A3B4202043FC006084F4 /* Job_Seeker */,
				7DD0A3B3202043FC006084F4 /* Products */,
				B2A37D392941EC83E2AE77CD /* Pods */,
				A0719C175B54154D7546B161 /* Frameworks */,
			);
			sourceTree = "<group>";
		};
		7DD0A3B3202043FC006084F4 /* Products */ = {
			isa = PBXGroup;
			children = (
				7DD0A3B2202043FC006084F4 /* Job_Seeker.app */,
			);
			name = Products;
			sourceTree = "<group>";
		};
		7DD0A3B4202043FC006084F4 /* Job_Seeker */ = {
			isa = PBXGroup;
			children = (
				E96C0E0020204F3700A90543 /* Supporting File */,
				E96C0DFF20204F3100A90543 /* View */,
				E96C0DFE20204F2900A90543 /* Model */,
				E96C0DFD20204F1D00A90543 /* Controller */,
				7DD0A3B5202043FC006084F4 /* AppDelegate.swift */,
				7DD0A3B7202043FC006084F4 /* ViewController.swift */,
				7DD0A3B9202043FC006084F4 /* Main.storyboard */,
				7DD0A3BC202043FC006084F4 /* Assets.xcassets */,
				7DD0A3BE202043FC006084F4 /* LaunchScreen.storyboard */,
				7DD0A3C1202043FC006084F4 /* Info.plist */,
			);
			path = Job_Seeker;
			sourceTree = "<group>";
		};
		A0719C175B54154D7546B161 /* Frameworks */ = {
			isa = PBXGroup;
			children = (
				AFF43C5A6DAC04699BA785D7 /* Pods_Job_Seeker.framework */,
			);
			name = Frameworks;
			sourceTree = "<group>";
		};
		B2A37D392941EC83E2AE77CD /* Pods */ = {
			isa = PBXGroup;
			children = (
				96A3DC413A9478F0359DF95D /* Pods-Job_Seeker.debug.xcconfig */,
				42F2B9F856E33877F2BC8040 /* Pods-Job_Seeker.release.xcconfig */,
			);
			name = Pods;
			sourceTree = "<group>";
		};
		E96C0DFD20204F1D00A90543 /* Controller */ = {
			isa = PBXGroup;
			children = (
			);
			path = Controller;
			sourceTree = "<group>";
		};
		E96C0DFE20204F2900A90543 /* Model */ = {
			isa = PBXGroup;
			children = (
			);
			path = Model;
			sourceTree = "<group>";
		};
		E96C0DFF20204F3100A90543 /* View */ = {
			isa = PBXGroup;
			children = (
			);
			path = View;
			sourceTree = "<group>";
		};
		E96C0E0020204F3700A90543 /* Supporting File */ = {
			isa = PBXGroup;
			children = (
			);
			path = "Supporting File";
			sourceTree = "<group>";
		};
/* End PBXGroup section */

/* Begin PBXNativeTarget section */
		7DD0A3B1202043FC006084F4 /* Job_Seeker */ = {
			isa = PBXNativeTarget;
			buildConfigurationList = 7DD0A3C4202043FC006084F4 /* Build configuration list for PBXNativeTarget "Job_Seeker" */;
			buildPhases = (
				AC260D1BBD2374EB42291579 /* [CP] Check Pods Manifest.lock */,
				7DD0A3AE202043FC006084F4 /* Sources */,
				7DD0A3AF202043FC006084F4 /* Frameworks */,
				7DD0A3B0202043FC006084F4 /* Resources */,
				38595C60C63CB80FAA1260B9 /* [CP] Embed Pods Frameworks */,
				C4C5D83DA1E0B70B51ACA34B /* [CP] Copy Pods Resources */,
			);
			buildRules = (
			);
			dependencies = (
			);
			name = Job_Seeker;
			productName = Job_Seeker;
			productReference = 7DD0A3B2202043FC006084F4 /* Job_Seeker.app */;
			productType = "com.apple.product-type.application";
		};
/* End PBXNativeTarget section */

/* Begin PBXProject section */
		7DD0A3AA202043FC006084F4 /* Project object */ = {
			isa = PBXProject;
			attributes = {
				LastSwiftUpdateCheck = 0910;
				LastUpgradeCheck = 0910;
				ORGANIZATIONNAME = "Sohel Dengre";
				TargetAttributes = {
					7DD0A3B1202043FC006084F4 = {
						CreatedOnToolsVersion = 9.1;
						ProvisioningStyle = Automatic;
					};
				};
			};
			buildConfigurationList = 7DD0A3AD202043FC006084F4 /* Build configuration list for PBXProject "Job_Seeker" */;
			compatibilityVersion = "Xcode 8.0";
			developmentRegion = en;
			hasScannedForEncodings = 0;
			knownRegions = (
				en,
				Base,
			);
			mainGroup = 7DD0A3A9202043FC006084F4;
			productRefGroup = 7DD0A3B3202043FC006084F4 /* Products */;
			projectDirPath = "";
			projectRoot = "";
			targets = (
				7DD0A3B1202043FC006084F4 /* Job_Seeker */,
			);
		};
/* End PBXProject section */

/* Begin PBXResourcesBuildPhase section */
		7DD0A3B0202043FC006084F4 /* Resources */ = {
			isa = PBXResourcesBuildPhase;
			buildActionMask = 2147483647;
			files = (
				7DD0A3C0202043FC006084F4 /* LaunchScreen.storyboard in Resources */,
				7DD0A3BD202043FC006084F4 /* Assets.xcassets in Resources */,
				7DD0A3BB202043FC006084F4 /* Main.storyboard in Resources */,
			);
			runOnlyForDeploymentPostprocessing = 0;
		};
/* End PBXResourcesBuildPhase section */

/* Begin PBXShellScriptBuildPhase section */
		38595C60C63CB80FAA1260B9 /* [CP] Embed Pods Frameworks */ = {
			isa = PBXShellScriptBuildPhase;
			buildActionMask = 2147483647;
			files = (
			);
			inputPaths = (
				"${SRCROOT}/Pods/Target Support Files/Pods-Job_Seeker/Pods-Job_Seeker-frameworks.sh",
				"${BUILT_PRODUCTS_DIR}/Alamofire/Alamofire.framework",
				"${BUILT_PRODUCTS_DIR}/SVProgressHUD/SVProgressHUD.framework",
				"${BUILT_PRODUCTS_DIR}/SlideMenuControllerSwift/SlideMenuControllerSwift.framework",
			);
			name = "[CP] Embed Pods Frameworks";
			outputPaths = (
				"${TARGET_BUILD_DIR}/${FRAMEWORKS_FOLDER_PATH}/Alamofire.framework",
				"${TARGET_BUILD_DIR}/${FRAMEWORKS_FOLDER_PATH}/SVProgressHUD.framework",
				"${TARGET_BUILD_DIR}/${FRAMEWORKS_FOLDER_PATH}/SlideMenuControllerSwift.framework",
			);
			runOnlyForDeploymentPostprocessing = 0;
			shellPath = /bin/sh;
			shellScript = "\"${SRCROOT}/Pods/Target Support Files/Pods-Job_Seeker/Pods-Job_Seeker-frameworks.sh\"\n";
			showEnvVarsInLog = 0;
		};
		AC260D1BBD2374EB42291579 /* [CP] Check Pods Manifest.lock */ = {
			isa = PBXShellScriptBuildPhase;
			buildActionMask = 2147483647;
			files = (
			);
			inputPaths = (
				"${PODS_PODFILE_DIR_PATH}/Podfile.lock",
				"${PODS_ROOT}/Manifest.lock",
			);
			name = "[CP] Check Pods Manifest.lock";
			outputPaths = (
				"$(DERIVED_FILE_DIR)/Pods-Job_Seeker-checkManifestLockResult.txt",
			);
			runOnlyForDeploymentPostprocessing = 0;
			shellPath = /bin/sh;
			shellScript = "diff \"${PODS_PODFILE_DIR_PATH}/Podfile.lock\" \"${PODS_ROOT}/Manifest.lock\" > /dev/null\nif [ $? != 0 ] ; then\n    # print error to STDERR\n    echo \"error: The sandbox is not in sync with the Podfile.lock. Run 'pod install' or update your CocoaPods installation.\" >&2\n    exit 1\nfi\n# This output is used by Xcode 'outputs' to avoid re-running this script phase.\necho \"SUCCESS\" > \"${SCRIPT_OUTPUT_FILE_0}\"\n";
			showEnvVarsInLog = 0;
		};
		C4C5D83DA1E0B70B51ACA34B /* [CP] Copy Pods Resources */ = {
			isa = PBXShellScriptBuildPhase;
			buildActionMask = 2147483647;
			files = (
			);
			inputPaths = (
			);
			name = "[CP] Copy Pods Resources";
			outputPaths = (
			);
			runOnlyForDeploymentPostprocessing = 0;
			shellPath = /bin/sh;
			shellScript = "\"${SRCROOT}/Pods/Target Support Files/Pods-Job_Seeker/Pods-Job_Seeker-resources.sh\"\n";
			showEnvVarsInLog = 0;
		};
/* End PBXShellScriptBuildPhase section */

/* Begin PBXSourcesBuildPhase section */
		7DD0A3AE202043FC006084F4 /* Sources */ = {
			isa = PBXSourcesBuildPhase;
			buildActionMask = 2147483647;
			files = (
				7DD0A3B8202043FC006084F4 /* ViewController.swift in Sources */,
				7DD0A3B6202043FC006084F4 /* AppDelegate.swift in Sources */,
			);
			runOnlyForDeploymentPostprocessing = 0;
		};
/* End PBXSourcesBuildPhase section */

/* Begin PBXVariantGroup section */
		7DD0A3B9202043FC006084F4 /* Main.storyboard */ = {
			isa = PBXVariantGroup;
			children = (
				7DD0A3BA202043FC006084F4 /* Base */,
			);
			name = Main.storyboard;
			sourceTree = "<group>";
		};
		7DD0A3BE202043FC006084F4 /* LaunchScreen.storyboard */ = {
			isa = PBXVariantGroup;
			children = (
				7DD0A3BF202043FC006084F4 /* Base */,
			);
			name = LaunchScreen.storyboard;
			sourceTree = "<group>";
		};
/* End PBXVariantGroup section */

/* Begin XCBuildConfiguration section */
		7DD0A3C2202043FC006084F4 /* Debug */ = {
			isa = XCBuildConfiguration;
			buildSettings = {
				ALWAYS_SEARCH_USER_PATHS = NO;
				CLANG_ANALYZER_NONNULL = YES;
				CLANG_ANALYZER_NUMBER_OBJECT_CONVERSION = YES_AGGRESSIVE;
				CLANG_CXX_LANGUAGE_STANDARD = "gnu++14";
				CLANG_CXX_LIBRARY = "libc++";
				CLANG_ENABLE_MODULES = YES;
				CLANG_ENABLE_OBJC_ARC = YES;
				CLANG_WARN_BLOCK_CAPTURE_AUTORELEASING = YES;
				CLANG_WARN_BOOL_CONVERSION = YES;
				CLANG_WARN_COMMA = YES;
				CLANG_WARN_CONSTANT_CONVERSION = YES;
				CLANG_WARN_DIRECT_OBJC_ISA_USAGE = YES_ERROR;
				CLANG_WARN_DOCUMENTATION_COMMENTS = YES;
				CLANG_WARN_EMPTY_BODY = YES;
				CLANG_WARN_ENUM_CONVERSION = YES;
				CLANG_WARN_INFINITE_RECURSION = YES;
				CLANG_WARN_INT_CONVERSION = YES;
				CLANG_WARN_NON_LITERAL_NULL_CONVERSION = YES;
				CLANG_WARN_OBJC_LITERAL_CONVERSION = YES;
				CLANG_WARN_OBJC_ROOT_CLASS = YES_ERROR;
				CLANG_WARN_RANGE_LOOP_ANALYSIS = YES;
				CLANG_WARN_STRICT_PROTOTYPES = YES;
				CLANG_WARN_SUSPICIOUS_MOVE = YES;
				CLANG_WARN_UNGUARDED_AVAILABILITY = YES_AGGRESSIVE;
				CLANG_WARN_UNREACHABLE_CODE = YES;
				CLANG_WARN__DUPLICATE_METHOD_MATCH = YES;
				CODE_SIGN_IDENTITY = "iPhone Developer";
				COPY_PHASE_STRIP = NO;
				DEBUG_INFORMATION_FORMAT = dwarf;
				ENABLE_STRICT_OBJC_MSGSEND = YES;
				ENABLE_TESTABILITY = YES;
				GCC_C_LANGUAGE_STANDARD = gnu11;
				GCC_DYNAMIC_NO_PIC = NO;
				GCC_NO_COMMON_BLOCKS = YES;
				GCC_OPTIMIZATION_LEVEL = 0;
				GCC_PREPROCESSOR_DEFINITIONS = (
					"DEBUG=1",
					"$(inherited)",
				);
				GCC_WARN_64_TO_32_BIT_CONVERSION = YES;
				GCC_WARN_ABOUT_RETURN_TYPE = YES_ERROR;
				GCC_WARN_UNDECLARED_SELECTOR = YES;
				GCC_WARN_UNINITIALIZED_AUTOS = YES_AGGRESSIVE;
				GCC_WARN_UNUSED_FUNCTION = YES;
				GCC_WARN_UNUSED_VARIABLE = YES;
				IPHONEOS_DEPLOYMENT_TARGET = 11.1;
				MTL_ENABLE_DEBUG_INFO = YES;
				ONLY_ACTIVE_ARCH = YES;
				SDKROOT = iphoneos;
				SWIFT_ACTIVE_COMPILATION_CONDITIONS = DEBUG;
				SWIFT_OPTIMIZATION_LEVEL = "-Onone";
			};
			name = Debug;
		};
		7DD0A3C3202043FC006084F4 /* Release */ = {
			isa = XCBuildConfiguration;
			buildSettings = {
				ALWAYS_SEARCH_USER_PATHS = NO;
				CLANG_ANALYZER_NONNULL = YES;
				CLANG_ANALYZER_NUMBER_OBJECT_CONVERSION = YES_AGGRESSIVE;
				CLANG_CXX_LANGUAGE_STANDARD = "gnu++14";
				CLANG_CXX_LIBRARY = "libc++";
				CLANG_ENABLE_MODULES = YES;
				CLANG_ENABLE_OBJC_ARC = YES;
				CLANG_WARN_BLOCK_CAPTURE_AUTORELEASING = YES;
				CLANG_WARN_BOOL_CONVERSION = YES;
				CLANG_WARN_COMMA = YES;
				CLANG_WARN_CONSTANT_CONVERSION = YES;
				CLANG_WARN_DIRECT_OBJC_ISA_USAGE = YES_ERROR;
				CLANG_WARN_DOCUMENTATION_COMMENTS = YES;
				CLANG_WARN_EMPTY_BODY = YES;
				CLANG_WARN_ENUM_CONVERSION = YES;
				CLANG_WARN_INFINITE_RECURSION = YES;
				CLANG_WARN_INT_CONVERSION = YES;
				CLANG_WARN_NON_LITERAL_NULL_CONVERSION = YES;
				CLANG_WARN_OBJC_LITERAL_CONVERSION = YES;
				CLANG_WARN_OBJC_ROOT_CLASS = YES_ERROR;
				CLANG_WARN_RANGE_LOOP_ANALYSIS = YES;
				CLANG_WARN_STRICT_PROTOTYPES = YES;
				CLANG_WARN_SUSPICIOUS_MOVE = YES;
				CLANG_WARN_UNGUARDED_AVAILABILITY = YES_AGGRESSIVE;
				CLANG_WARN_UNREACHABLE_CODE = YES;
				CLANG_WARN__DUPLICATE_METHOD_MATCH = YES;
				CODE_SIGN_IDENTITY = "iPhone Developer";
				COPY_PHASE_STRIP = NO;
				DEBUG_INFORMATION_FORMAT = "dwarf-with-dsym";
				ENABLE_NS_ASSERTIONS = NO;
				ENABLE_STRICT_OBJC_MSGSEND = YES;
				GCC_C_LANGUAGE_STANDARD = gnu11;
				GCC_NO_COMMON_BLOCKS = YES;
				GCC_WARN_64_TO_32_BIT_CONVERSION = YES;
				GCC_WARN_ABOUT_RETURN_TYPE = YES_ERROR;
				GCC_WARN_UNDECLARED_SELECTOR = YES;
				GCC_WARN_UNINITIALIZED_AUTOS = YES_AGGRESSIVE;
				GCC_WARN_UNUSED_FUNCTION = YES;
				GCC_WARN_UNUSED_VARIABLE = YES;
				IPHONEOS_DEPLOYMENT_TARGET = 11.1;
				MTL_ENABLE_DEBUG_INFO = NO;
				SDKROOT = iphoneos;
				SWIFT_OPTIMIZATION_LEVEL = "-Owholemodule";
				VALIDATE_PRODUCT = YES;
			};
			name = Release;
		};
		7DD0A3C5202043FC006084F4 /* Debug */ = {
			isa = XCBuildConfiguration;
			baseConfigurationReference = 96A3DC413A9478F0359DF95D /* Pods-Job_Seeker.debug.xcconfig */;
			buildSettings = {
				ASSETCATALOG_COMPILER_APPICON_NAME = AppIcon;
				CODE_SIGN_STYLE = Automatic;
				INFOPLIST_FILE = Job_Seeker/Info.plist;
				LD_RUNPATH_SEARCH_PATHS = "$(inherited) @executable_path/Frameworks";
				PRODUCT_BUNDLE_IDENTIFIER = "Nick.Job-Seeker";
				PRODUCT_NAME = "$(TARGET_NAME)";
				SWIFT_VERSION = 4.0;
				TARGETED_DEVICE_FAMILY = "1,2";
			};
			name = Debug;
		};
		7DD0A3C6202043FC006084F4 /* Release */ = {
			isa = XCBuildConfiguration;
			baseConfigurationReference = 42F2B9F856E33877F2BC8040 /* Pods-Job_Seeker.release.xcconfig */;
			buildSettings = {
				ASSETCATALOG_COMPILER_APPICON_NAME = AppIcon;
				CODE_SIGN_STYLE = Automatic;
				INFOPLIST_FILE = Job_Seeker/Info.plist;
				LD_RUNPATH_SEARCH_PATHS = "$(inherited) @executable_path/Frameworks";
				PRODUCT_BUNDLE_IDENTIFIER = "Nick.Job-Seeker";
				PRODUCT_NAME = "$(TARGET_NAME)";
				SWIFT_VERSION = 4.0;
				TARGETED_DEVICE_FAMILY = "1,2";
			};
			name = Release;
		};
/* End XCBuildConfiguration section */

/* Begin XCConfigurationList section */
		7DD0A3AD202043FC006084F4 /* Build configuration list for PBXProject "Job_Seeker" */ = {
			isa = XCConfigurationList;
			buildConfigurations = (
				7DD0A3C2202043FC006084F4 /* Debug */,
				7DD0A3C3202043FC006084F4 /* Release */,
			);
			defaultConfigurationIsVisible = 0;
			defaultConfigurationName = Release;
		};
		7DD0A3C4202043FC006084F4 /* Build configuration list for PBXNativeTarget "Job_Seeker" */ = {
			isa = XCConfigurationList;
			buildConfigurations = (
				7DD0A3C5202043FC006084F4 /* Debug */,
				7DD0A3C6202043FC006084F4 /* Release */,
			);
			defaultConfigurationIsVisible = 0;
			defaultConfigurationName = Release;
		};
/* End XCConfigurationList section */
	};
	rootObject = 7DD0A3AA202043FC006084F4 /* Project object */;
}
